NeoBundleLock emmet-vim 64544b778d08ab7304022e8226b78df358e76320
NeoBundleLock grep.vim 852ddb0c6590bbc41c508d7f5d2fc17112492def
NeoBundleLock jedi-vim e66c2e12e64c7f895342d4d9bcc596ea7eabfdf4
NeoBundleLock jellybeans.vim fd089ca8a242263f61ae7bddce55a007d535bc65
NeoBundleLock neobundle.vim 88951d60547595606ea0ca8f28f643d2506f2714
NeoBundleLock nerdtree eee431dbd44111c858c6d33ffd366cae1f17f8b3
NeoBundleLock surround.vim 324a8735bb82193a1a413e207dc1aaf60f3a1d82
NeoBundleLock syntastic 734fde7f0b84ff3f670ab5772ed1b8b0c8c16770
NeoBundleLock twilight 61d8d3e49507ae69d32951d63edf9755c87f4da6
NeoBundleLock vim-autoclose a9a3b7384657bc1f60a963fd6c08c63fc48d61c3
NeoBundleLock vim-easy-align 0cb6b98fc155717b0a56c110551ac57d1d951ddb
NeoBundleLock vim-fugitive b3a8be6975dcc27b523b030bf5d35d9c737aef18
NeoBundleLock vim-indent-guides 018298ead9d3aa9cd3b4ae222f81022a33978b09
NeoBundleLock vim-migemo 9c83047985c3c141fef55a38ee525ff7ab4ed415
NeoBundleLock vim-quickrun c4c368c835b91c012b011dde613a914c0e167fd0
NeoBundleLock vim-railscasts-theme 826e17cc7a7fdc1aef16b9ddfaf271b51fc2e0a8
NeoBundleLock vimproc.vim 03a38f283ca9e15784e8fea84e8afc5d633b9639
